{
  "nodes": {
    "flake-utils": {
      "locked": {
        "lastModified": 1779836347,
        "narHash": "sha256-iDFc7E++ec+vK5oQ+VEgM9/g6OUzDX4nZWswxRvu9AU=",
        "owner": "SpiralP",
        "repo": "nix-flake-utils",
        "rev": "3d5c8493434284aab42f394e02b59f66f0849b65",
        "type": "github"
      },
      "original": {
        "owner": "SpiralP",
        "repo": "nix-flake-utils",
        "type": "github"
      }
    },
    "nixpkgs": {
      "locked": {
        "lastModified": 1781216227,
        "narHash": "sha256-9mUW6gNwoN2SWc/l0fW4svPNOulXLl8ijqKyeSOGgJE=",
        "owner": "NixOS",
        "repo": "nixpkgs",
        "rev": "a0374025a863d007d98e3297f6aa46cc3141c2f0",
        "type": "github"
      },
      "original": {
        "owner": "NixOS",
        "ref": "nixos-26.05",
        "repo": "nixpkgs",
        "type": "github"
      }
    },
    "root": {
      "inputs": {
        "flake-utils": "flake-utils",
        "nixpkgs": "nixpkgs"
      }
    }
  },
  "root": "root",
  "version": 7
}
